
Microsoft Visual Studio Solution File, Format Version 12.00
# Visual Studio Version 17
VisualStudioVersion = 17.8.34330.188
MinimumVisualStudioVersion = 10.0.40219.1
Project("{FAE04EC0-301F-11D3-BF4B-00C04F79EFBC}") = "Template", "Template\Template.csproj", "{C17B9BFC-3F04-4EC7-B9B2-58ED33308060}"
EndProject
Project("{FAE04EC0-301F-11D3-BF4B-00C04F79EFBC}") = "Progetto.Web", "Progetto.Web\Progetto.Web.csproj", "{9FEBD79C-C7B6-4A43-B701-DACA687C700B}"
EndProject
Global
	GlobalSection(SolutionConfigurationPlatforms) = preSolution
		Debug|Any CPU = Debug|Any CPU
		Release|Any CPU = Release|Any CPU
	EndGlobalSection
	GlobalSection(ProjectConfigurationPlatforms) = postSolution
		{C17B9BFC-3F04-4EC7-B9B2-58ED33308060}.Debug|Any CPU.ActiveCfg = Debug|Any CPU
		{C17B9BFC-3F04-4EC7-B9B2-58ED33308060}.Debug|Any CPU.Build.0 = Debug|Any CPU
		{C17B9BFC-3F04-4EC7-B9B2-58ED33308060}.Release|Any CPU.ActiveCfg = Release|Any CPU
		{C17B9BFC-3F04-4EC7-B9B2-58ED33308060}.Release|Any CPU.Build.0 = Release|Any CPU
		{9FEBD79C-C7B6-4A43-B701-DACA687C700B}.Debug|Any CPU.ActiveCfg = Debug|Any CPU
		{9FEBD79C-C7B6-4A43-B701-DACA687C700B}.Debug|Any CPU.Build.0 = Debug|Any CPU
		{9FEBD79C-C7B6-4A43-B701-DACA687C700B}.Release|Any CPU.ActiveCfg = Release|Any CPU
		{9FEBD79C-C7B6-4A43-B701-DACA687C700B}.Release|Any CPU.Build.0 = Release|Any CPU
	EndGlobalSection
	GlobalSection(SolutionProperties) = preSolution
		HideSolutionNode = FALSE
	EndGlobalSection
	GlobalSection(ExtensibilityGlobals) = postSolution
		SolutionGuid = {1F94CD2F-B6D2-49A8-9712-6DC503075DBA}
	EndGlobalSection
EndGlobal
